Microsoft Visual Studio Solution File, Format Version 12.00
# Visual Studio 2010
Project("{2150E333-8FDC-42A3-9474-1A3956D46DE8}") = "Solution Items", "Solution Items", "{F810E088-E0D3-46A8-88E8-E2DE08F6F206}"
	ProjectSection(SolutionItems) = preProject
		..\rakefile.rb = ..\rakefile.rb
	EndProjectSection
EndProject
Project("{FAE04EC0-301F-11D3-BF4B-00C04F79EFBC}") = "FubuMVC.AutoComplete", "FubuMVC.AutoComplete\FubuMVC.AutoComplete.csproj", "{E17A1F84-0962-4B8F-9FAA-A53B8B983085}"
EndProject
Project("{FAE04EC0-301F-11D3-BF4B-00C04F79EFBC}") = "FubuMVC.AutoComplete.Testing", "FubuMVC.AutoComplete.Testing\FubuMVC.AutoComplete.Testing.csproj", "{F529BAA2-A596-421D-B553-038698E4EFC9}"
EndProject
Project("{FAE04EC0-301F-11D3-BF4B-00C04F79EFBC}") = "AutoCompleteHarness", "AutoCompleteHarness\AutoCompleteHarness.csproj", "{EF309C8B-8D0A-4674-A49D-44512E5727B3}"
EndProject
Project("{FAE04EC0-301F-11D3-BF4B-00C04F79EFBC}") = "FubuMVC.AutoComplete.Serenity", "FubuMVC.AutoComplete.Serenity\FubuMVC.AutoComplete.Serenity.csproj", "{E7878E84-A8C1-43DF-BFDA-295EC25047D6}"
EndProject
Project("{FAE04EC0-301F-11D3-BF4B-00C04F79EFBC}") = "FubuMVC.AutoComplete.Storyteller", "FubuMVC.AutoComplete.Storyteller\FubuMVC.AutoComplete.Storyteller.csproj", "{D50F1E46-16F2-4395-990D-6192336189C0}"
EndProject
Project("{FAE04EC0-301F-11D3-BF4B-00C04F79EFBC}") = "FubuMVC.AutoComplete.Docs", "FubuMVC.AutoComplete.Docs\FubuMVC.AutoComplete.Docs.csproj", "{EF38A266-4AEC-4997-8FE1-9AA6533095FE}"
EndProject
Global
	GlobalSection(SolutionConfigurationPlatforms) = preSolution
		Debug|Any CPU = Debug|Any CPU
		Release|Any CPU = Release|Any CPU
	EndGlobalSection
	GlobalSection(ProjectConfigurationPlatforms) = postSolution
		{E17A1F84-0962-4B8F-9FAA-A53B8B983085}.Debug|Any CPU.ActiveCfg = Debug|Any CPU
		{E17A1F84-0962-4B8F-9FAA-A53B8B983085}.Debug|Any CPU.Build.0 = Debug|Any CPU
		{E17A1F84-0962-4B8F-9FAA-A53B8B983085}.Release|Any CPU.ActiveCfg = Release|Any CPU
		{E17A1F84-0962-4B8F-9FAA-A53B8B983085}.Release|Any CPU.Build.0 = Release|Any CPU
		{F529BAA2-A596-421D-B553-038698E4EFC9}.Debug|Any CPU.ActiveCfg = Debug|Any CPU
		{F529BAA2-A596-421D-B553-038698E4EFC9}.Debug|Any CPU.Build.0 = Debug|Any CPU
		{F529BAA2-A596-421D-B553-038698E4EFC9}.Release|Any CPU.ActiveCfg = Release|Any CPU
		{F529BAA2-A596-421D-B553-038698E4EFC9}.Release|Any CPU.Build.0 = Release|Any CPU
		{EF309C8B-8D0A-4674-A49D-44512E5727B3}.Debug|Any CPU.ActiveCfg = Debug|Any CPU
		{EF309C8B-8D0A-4674-A49D-44512E5727B3}.Debug|Any CPU.Build.0 = Debug|Any CPU
		{EF309C8B-8D0A-4674-A49D-44512E5727B3}.Release|Any CPU.ActiveCfg = Release|Any CPU
		{EF309C8B-8D0A-4674-A49D-44512E5727B3}.Release|Any CPU.Build.0 = Release|Any CPU
		{E7878E84-A8C1-43DF-BFDA-295EC25047D6}.Debug|Any CPU.ActiveCfg = Debug|Any CPU
		{E7878E84-A8C1-43DF-BFDA-295EC25047D6}.Debug|Any CPU.Build.0 = Debug|Any CPU
		{E7878E84-A8C1-43DF-BFDA-295EC25047D6}.Release|Any CPU.ActiveCfg = Release|Any CPU
		{E7878E84-A8C1-43DF-BFDA-295EC25047D6}.Release|Any CPU.Build.0 = Release|Any CPU
		{D50F1E46-16F2-4395-990D-6192336189C0}.Debug|Any CPU.ActiveCfg = Debug|Any CPU
		{D50F1E46-16F2-4395-990D-6192336189C0}.Debug|Any CPU.Build.0 = Debug|Any CPU
		{D50F1E46-16F2-4395-990D-6192336189C0}.Release|Any CPU.ActiveCfg = Release|Any CPU
		{D50F1E46-16F2-4395-990D-6192336189C0}.Release|Any CPU.Build.0 = Release|Any CPU
		{EF38A266-4AEC-4997-8FE1-9AA6533095FE}.Debug|Any CPU.ActiveCfg = Debug|Any CPU
		{EF38A266-4AEC-4997-8FE1-9AA6533095FE}.Debug|Any CPU.Build.0 = Debug|Any CPU
		{EF38A266-4AEC-4997-8FE1-9AA6533095FE}.Release|Any CPU.ActiveCfg = Release|Any CPU
		{EF38A266-4AEC-4997-8FE1-9AA6533095FE}.Release|Any CPU.Build.0 = Release|Any CPU
	EndGlobalSection
	GlobalSection(SolutionProperties) = preSolution
		HideSolutionNode = FALSE
	EndGlobalSection
EndGlobal
